
Microsoft Visual Studio Solution File, Format Version 12.00
# Visual Studio Version 17
VisualStudioVersion = 17.10.35122.118
MinimumVisualStudioVersion = 10.0.40219.1
Project("{FAE04EC0-301F-11D3-BF4B-00C04F79EFBC}") = "obtener la nota final del compto 1 de programacion l", "obtener la nota final del compto 1 de programacion l\obtener la nota final del compto 1 de programacion l.csproj", "{62CD2EA8-6772-446E-9FDC-D1E06B5263B4}"
EndProject
Global
	GlobalSection(SolutionConfigurationPlatforms) = preSolution
		Debug|Any CPU = Debug|Any CPU
		Release|Any CPU = Release|Any CPU
	EndGlobalSection
	GlobalSection(ProjectConfigurationPlatforms) = postSolution
		{62CD2EA8-6772-446E-9FDC-D1E06B5263B4}.Debug|Any CPU.ActiveCfg = Debug|Any CPU
		{62CD2EA8-6772-446E-9FDC-D1E06B5263B4}.Debug|Any CPU.Build.0 = Debug|Any CPU
		{62CD2EA8-6772-446E-9FDC-D1E06B5263B4}.Release|Any CPU.ActiveCfg = Release|Any CPU
		{62CD2EA8-6772-446E-9FDC-D1E06B5263B4}.Release|Any CPU.Build.0 = Release|Any CPU
	EndGlobalSection
	GlobalSection(SolutionProperties) = preSolution
		HideSolutionNode = FALSE
	EndGlobalSection
	GlobalSection(ExtensibilityGlobals) = postSolution
		SolutionGuid = {1C7403C9-2085-4C36-8512-8457B0672687}
	EndGlobalSection
EndGlobal
